// !$*UTF8*$!
{
	archiveVersion = 1;
	classes = {
	};
	objectVersion = 46;
	objects = {

/* Begin PBXBuildFile section */
		A2B25B681CB8D6E300B413A6 /* AppDelegate.swift in Sources */ = {isa = PBXBuildFile; fileRef = A2B25B671CB8D6E300B413A6 /* AppDelegate.swift */; };
		A2B25B6A1CB8D6E300B413A6 /* MainVC.swift in Sources */ = {isa = PBXBuildFile; fileRef = A2B25B691CB8D6E300B413A6 /* MainVC.swift */; };
		A2B25B6D1CB8D6E300B413A6 /* Main.storyboard in Resources */ = {isa = PBXBuildFile; fileRef = A2B25B6B1CB8D6E300B413A6 /* Main.storyboard */; };
		A2B25B701CB8D6E300B413A6 /* my_favorite_moviez.xcdatamodeld in Sources */ = {isa = PBXBuildFile; fileRef = A2B25B6E1CB8D6E300B413A6 /* my_favorite_moviez.xcdatamodeld */; };
		A2B25B721CB8D6E300B413A6 /* Assets.xcassets in Resources */ = {isa = PBXBuildFile; fileRef = A2B25B711CB8D6E300B413A6 /* Assets.xcassets */; };
		A2B25B751CB8D6E300B413A6 /* LaunchScreen.storyboard in Resources */ = {isa = PBXBuildFile; fileRef = A2B25B731CB8D6E300B413A6 /* LaunchScreen.storyboard */; };
		A2B25B801CB8DA1700B413A6 /* MoviezCell.swift in Sources */ = {isa = PBXBuildFile; fileRef = A2B25B7F1CB8DA1700B413A6 /* MoviezCell.swift */; };
		A2B25B831CB8DC9100B413A6 /* Movies+CoreDataProperties.swift in Sources */ = {isa = PBXBuildFile; fileRef = A2B25B811CB8DC9100B413A6 /* Movies+CoreDataProperties.swift */; };
		A2B25B841CB8DC9100B413A6 /* Movies.swift in Sources */ = {isa = PBXBuildFile; fileRef = A2B25B821CB8DC9100B413A6 /* Movies.swift */; };
		A2F2C09C1CB90007000E326F /* AddMovieVC.swift in Sources */ = {isa = PBXBuildFile; fileRef = A2F2C09B1CB90007000E326F /* AddMovieVC.swift */; };
		A2F2C09E1CB90024000E326F /* WebViewVC.swift in Sources */ = {isa = PBXBuildFile; fileRef = A2F2C09D1CB90024000E326F /* WebViewVC.swift */; };
		A2F2C0A01CB9004A000E326F /* DescVC.swift in Sources */ = {isa = PBXBuildFile; fileRef = A2F2C09F1CB9004A000E326F /* DescVC.swift */; };
/* End PBXBuildFile section */

/* Begin PBXFileReference section */
		A2B25B641CB8D6E300B413A6 /* my-favorite-moviez.app */ = {isa = PBXFileReference; explicitFileType = wrapper.application; includeInIndex = 0; path = "my-favorite-moviez.app"; sourceTree = BUILT_PRODUCTS_DIR; };
		A2B25B671CB8D6E300B413A6 /* AppDelegate.swift */ = {isa = PBXFileReference; lastKnownFileType = sourcecode.swift; path = AppDelegate.swift; sourceTree = "<group>"; };
		A2B25B691CB8D6E300B413A6 /* MainVC.swift */ = {isa = PBXFileReference; lastKnownFileType = sourcecode.swift; path = MainVC.swift; sourceTree = "<group>"; };
		A2B25B6C1CB8D6E300B413A6 /* Base */ = {isa = PBXFileReference; lastKnownFileType = file.storyboard; name = Base; path = Base.lproj/Main.storyboard; sourceTree = "<group>"; };
		A2B25B6F1CB8D6E300B413A6 /* my_favorite_moviez.xcdatamodel */ = {isa = PBXFileReference; lastKnownFileType = wrapper.xcdatamodel; path = my_favorite_moviez.xcdatamodel; sourceTree = "<group>"; };
		A2B25B711CB8D6E300B413A6 /* Assets.xcassets */ = {isa = PBXFileReference; lastKnownFileType = folder.assetcatalog; path = Assets.xcassets; sourceTree = "<group>"; };
		A2B25B741CB8D6E300B413A6 /* Base */ = {isa = PBXFileReference; lastKnownFileType = file.storyboard; name = Base; path = Base.lproj/LaunchScreen.storyboard; sourceTree = "<group>"; };
		A2B25B761CB8D6E300B413A6 /* Info.plist */ = {isa = PBXFileReference; lastKnownFileType = text.plist.xml; path = Info.plist; sourceTree = "<group>"; };
		A2B25B7F1CB8DA1700B413A6 /* MoviezCell.swift */ = {isa = PBXFileReference; fileEncoding = 4; lastKnownFileType = sourcecode.swift; path = MoviezCell.swift; sourceTree = "<group>"; };
		A2B25B811CB8DC9100B413A6 /* Movies+CoreDataProperties.swift */ = {isa = PBXFileReference; fileEncoding = 4; lastKnownFileType = sourcecode.swift; name = "Movies+CoreDataProperties.swift"; path = "../Movies+CoreDataProperties.swift"; sourceTree = "<group>"; };
		A2B25B821CB8DC9100B413A6 /* Movies.swift */ = {isa = PBXFileReference; fileEncoding = 4; lastKnownFileType = sourcecode.swift; name = Movies.swift; path = ../Movies.swift; sourceTree = "<group>"; };
		A2F2C09B1CB90007000E326F /* AddMovieVC.swift */ = {isa = PBXFileReference; fileEncoding = 4; lastKnownFileType = sourcecode.swift; path = AddMovieVC.swift; sourceTree = "<group>"; };
		A2F2C09D1CB90024000E326F /* WebViewVC.swift */ = {isa = PBXFileReference; fileEncoding = 4; lastKnownFileType = sourcecode.swift; path = WebViewVC.swift; sourceTree = "<group>"; };
		A2F2C09F1CB9004A000E326F /* DescVC.swift */ = {isa = PBXFileReference; fileEncoding = 4; lastKnownFileType = sourcecode.swift; path = DescVC.swift; sourceTree = "<group>"; };
/* End PBXFileReference section */

/* Begin PBXFrameworksBuildPhase section */
		A2B25B611CB8D6E300B413A6 /* Frameworks */ = {
			isa = PBXFrameworksBuildPhase;
			buildActionMask = 2147483647;
			files = (
			);
			runOnlyForDeploymentPostprocessing = 0;
		};
/* End PBXFrameworksBuildPhase section */

/* Begin PBXGroup section */
		A2B25B5B1CB8D6E300B413A6 = {
			isa = PBXGroup;
			children = (
				A2B25B661CB8D6E300B413A6 /* my-favorite-moviez */,
				A2B25B651CB8D6E300B413A6 /* Products */,
			);
			sourceTree = "<group>";
		};
		A2B25B651CB8D6E300B413A6 /* Products */ = {
			isa = PBXGroup;
			children = (
				A2B25B641CB8D6E300B413A6 /* my-favorite-moviez.app */,
			);
			name = Products;
			sourceTree = "<group>";
		};
		A2B25B661CB8D6E300B413A6 /* my-favorite-moviez */ = {
			isa = PBXGroup;
			children = (
				A2B25B7E1CB8D6F800B413A6 /* Model */,
				A2B25B7D1CB8D6F000B413A6 /* Controller */,
				A2B25B7C1CB8D6EA00B413A6 /* View */,
				A2B25B671CB8D6E300B413A6 /* AppDelegate.swift */,
				A2B25B711CB8D6E300B413A6 /* Assets.xcassets */,
				A2B25B731CB8D6E300B413A6 /* LaunchScreen.storyboard */,
				A2B25B761CB8D6E300B413A6 /* Info.plist */,
				A2B25B6E1CB8D6E300B413A6 /* my_favorite_moviez.xcdatamodeld */,
			);
			path = "my-favorite-moviez";
			sourceTree = "<group>";
		};
		A2B25B7C1CB8D6EA00B413A6 /* View */ = {
			isa = PBXGroup;
			children = (
				A2B25B7F1CB8DA1700B413A6 /* MoviezCell.swift */,
				A2B25B6B1CB8D6E300B413A6 /* Main.storyboard */,
			);
			name = View;
			sourceTree = "<group>";
		};
		A2B25B7D1CB8D6F000B413A6 /* Controller */ = {
			isa = PBXGroup;
			children = (
				A2B25B691CB8D6E300B413A6 /* MainVC.swift */,
				A2F2C09B1CB90007000E326F /* AddMovieVC.swift */,
				A2F2C09D1CB90024000E326F /* WebViewVC.swift */,
				A2F2C09F1CB9004A000E326F /* DescVC.swift */,
			);
			name = Controller;
			sourceTree = "<group>";
		};
		A2B25B7E1CB8D6F800B413A6 /* Model */ = {
			isa = PBXGroup;
			children = (
				A2B25B811CB8DC9100B413A6 /* Movies+CoreDataProperties.swift */,
				A2B25B821CB8DC9100B413A6 /* Movies.swift */,
			);
			name = Model;
			sourceTree = "<group>";
		};
/* End PBXGroup section */

/* Begin PBXNativeTarget section */
		A2B25B631CB8D6E300B413A6 /* my-favorite-moviez */ = {
			isa = PBXNativeTarget;
			buildConfigurationList = A2B25B791CB8D6E300B413A6 /* Build configuration list for PBXNativeTarget "my-favorite-moviez" */;
			buildPhases = (
				A2B25B601CB8D6E300B413A6 /* Sources */,
				A2B25B611CB8D6E300B413A6 /* Frameworks */,
				A2B25B621CB8D6E300B413A6 /* Resources */,
			);
			buildRules = (
			);
			dependencies = (
			);
			name = "my-favorite-moviez";
			productName = "my-favorite-moviez";
			productReference = A2B25B641CB8D6E300B413A6 /* my-favorite-moviez.app */;
			productType = "com.apple.product-type.application";
		};
/* End PBXNativeTarget section */

/* Begin PBXProject section */
		A2B25B5C1CB8D6E300B413A6 /* Project object */ = {
			isa = PBXProject;
			attributes = {
				LastSwiftUpdateCheck = 0730;
				LastUpgradeCheck = 0730;
				ORGANIZATIONNAME = "Aurora Software";
				TargetAttributes = {
					A2B25B631CB8D6E300B413A6 = {
						CreatedOnToolsVersion = 7.3;
					};
				};
			};
			buildConfigurationList = A2B25B5F1CB8D6E300B413A6 /* Build configuration list for PBXProject "my-favorite-moviez" */;
			compatibilityVersion = "Xcode 3.2";
			developmentRegion = English;
			hasScannedForEncodings = 0;
			knownRegions = (
				en,
				Base,
			);
			mainGroup = A2B25B5B1CB8D6E300B413A6;
			productRefGroup = A2B25B651CB8D6E300B413A6 /* Products */;
			projectDirPath = "";
			projectRoot = "";
			targets = (
				A2B25B631CB8D6E300B413A6 /* my-favorite-moviez */,
			);
		};
/* End PBXProject section */

/* Begin PBXResourcesBuildPhase section */
		A2B25B621CB8D6E300B413A6 /* Resources */ = {
			isa = PBXResourcesBuildPhase;
			buildActionMask = 2147483647;
			files = (
				A2B25B751CB8D6E300B413A6 /* LaunchScreen.storyboard in Resources */,
				A2B25B721CB8D6E300B413A6 /* Assets.xcassets in Resources */,
				A2B25B6D1CB8D6E300B413A6 /* Main.storyboard in Resources */,
			);
			runOnlyForDeploymentPostprocessing = 0;
		};
/* End PBXResourcesBuildPhase section */

/* Begin PBXSourcesBuildPhase section */
		A2B25B601CB8D6E300B413A6 /* Sources */ = {
			isa = PBXSourcesBuildPhase;
			buildActionMask = 2147483647;
			files = (
				A2B25B701CB8D6E300B413A6 /* my_favorite_moviez.xcdatamodeld in Sources */,
				A2B25B6A1CB8D6E300B413A6 /* MainVC.swift in Sources */,
				A2B25B841CB8DC9100B413A6 /* Movies.swift in Sources */,
				A2B25B801CB8DA1700B413A6 /* MoviezCell.swift in Sources */,
				A2F2C09E1CB90024000E326F /* WebViewVC.swift in Sources */,
				A2F2C09C1CB90007000E326F /* AddMovieVC.swift in Sources */,
				A2B25B681CB8D6E300B413A6 /* AppDelegate.swift in Sources */,
				A2F2C0A01CB9004A000E326F /* DescVC.swift in Sources */,
				A2B25B831CB8DC9100B413A6 /* Movies+CoreDataProperties.swift in Sources */,
			);
			runOnlyForDeploymentPostprocessing = 0;
		};
/* End PBXSourcesBuildPhase section */

/* Begin PBXVariantGroup section */
		A2B25B6B1CB8D6E300B413A6 /* Main.storyboard */ = {
			isa = PBXVariantGroup;
			children = (
				A2B25B6C1CB8D6E300B413A6 /* Base */,
			);
			name = Main.storyboard;
			sourceTree = "<group>";
		};
		A2B25B731CB8D6E300B413A6 /* LaunchScreen.storyboard */ = {
			isa = PBXVariantGroup;
			children = (
				A2B25B741CB8D6E300B413A6 /* Base */,
			);
			name = LaunchScreen.storyboard;
			sourceTree = "<group>";
		};
/* End PBXVariantGroup section */

/* Begin XCBuildConfiguration section */
		A2B25B771CB8D6E300B413A6 /* Debug */ = {
			isa = XCBuildConfiguration;
			buildSettings = {
				ALWAYS_SEARCH_USER_PATHS = NO;
				CLANG_ANALYZER_NONNULL = YES;
				CLANG_CXX_LANGUAGE_STANDARD = "gnu++0x";
				CLANG_CXX_LIBRARY = "libc++";
				CLANG_ENABLE_MODULES = YES;
				CLANG_ENABLE_OBJC_ARC = YES;
				CLANG_WARN_BOOL_CONVERSION = YES;
				CLANG_WARN_CONSTANT_CONVERSION = YES;
				CLANG_WARN_DIRECT_OBJC_ISA_USAGE = YES_ERROR;
				CLANG_WARN_EMPTY_BODY = YES;
				CLANG_WARN_ENUM_CONVERSION = YES;
				CLANG_WARN_INT_CONVERSION = YES;
				CLANG_WARN_OBJC_ROOT_CLASS = YES_ERROR;
				CLANG_WARN_UNREACHABLE_CODE = YES;
				CLANG_WARN__DUPLICATE_METHOD_MATCH = YES;
				"CODE_SIGN_IDENTITY[sdk=iphoneos*]" = "iPhone Developer";
				COPY_PHASE_STRIP = NO;
				DEBUG_INFORMATION_FORMAT = dwarf;
				ENABLE_STRICT_OBJC_MSGSEND = YES;
				ENABLE_TESTABILITY = YES;
				GCC_C_LANGUAGE_STANDARD = gnu99;
				GCC_DYNAMIC_NO_PIC = NO;
				GCC_NO_COMMON_BLOCKS = YES;
				GCC_OPTIMIZATION_LEVEL = 0;
				GCC_PREPROCESSOR_DEFINITIONS = (
					"DEBUG=1",
					"$(inherited)",
				);
				GCC_WARN_64_TO_32_BIT_CONVERSION = YES;
				GCC_WARN_ABOUT_RETURN_TYPE = YES_ERROR;
				GCC_WARN_UNDECLARED_SELECTOR = YES;
				GCC_WARN_UNINITIALIZED_AUTOS = YES_AGGRESSIVE;
				GCC_WARN_UNUSED_FUNCTION = YES;
				GCC_WARN_UNUSED_VARIABLE = YES;
				IPHONEOS_DEPLOYMENT_TARGET = 9.3;
				MTL_ENABLE_DEBUG_INFO = YES;
				ONLY_ACTIVE_ARCH = YES;
				SDKROOT = iphoneos;
				SWIFT_OPTIMIZATION_LEVEL = "-Onone";
				TARGETED_DEVICE_FAMILY = "1,2";
			};
			name = Debug;
		};
		A2B25B781CB8D6E300B413A6 /* Release */ = {
			isa = XCBuildConfiguration;
			buildSettings = {
				ALWAYS_SEARCH_USER_PATHS = NO;
				CLANG_ANALYZER_NONNULL = YES;
				CLANG_CXX_LANGUAGE_STANDARD = "gnu++0x";
				CLANG_CXX_LIBRARY = "libc++";
				CLANG_ENABLE_MODULES = YES;
				CLANG_ENABLE_OBJC_ARC = YES;
				CLANG_WARN_BOOL_CONVERSION = YES;
				CLANG_WARN_CONSTANT_CONVERSION = YES;
				CLANG_WARN_DIRECT_OBJC_ISA_USAGE = YES_ERROR;
				CLANG_WARN_EMPTY_BODY = YES;
				CLANG_WARN_ENUM_CONVERSION = YES;
				CLANG_WARN_INT_CONVERSION = YES;
				CLANG_WARN_OBJC_ROOT_CLASS = YES_ERROR;
				CLANG_WARN_UNREACHABLE_CODE = YES;
				CLANG_WARN__DUPLICATE_METHOD_MATCH = YES;
				"CODE_SIGN_IDENTITY[sdk=iphoneos*]" = "iPhone Developer";
				COPY_PHASE_STRIP = NO;
				DEBUG_INFORMATION_FORMAT = "dwarf-with-dsym";
				ENABLE_NS_ASSERTIONS = NO;
				ENABLE_STRICT_OBJC_MSGSEND = YES;
				GCC_C_LANGUAGE_STANDARD = gnu99;
				GCC_NO_COMMON_BLOCKS = YES;
				GCC_WARN_64_TO_32_BIT_CONVERSION = YES;
				GCC_WARN_ABOUT_RETURN_TYPE = YES_ERROR;
				GCC_WARN_UNDECLARED_SELECTOR = YES;
				GCC_WARN_UNINITIALIZED_AUTOS = YES_AGGRESSIVE;
				GCC_WARN_UNUSED_FUNCTION = YES;
				GCC_WARN_UNUSED_VARIABLE = YES;
				IPHONEOS_DEPLOYMENT_TARGET = 9.3;
				MTL_ENABLE_DEBUG_INFO = NO;
				SDKROOT = iphoneos;
				TARGETED_DEVICE_FAMILY = "1,2";
				VALIDATE_PRODUCT = YES;
			};
			name = Release;
		};
		A2B25B7A1CB8D6E300B413A6 /* Debug */ = {
			isa = XCBuildConfiguration;
			buildSettings = {
				ASSETCATALOG_COMPILER_APPICON_NAME = AppIcon;
				INFOPLIST_FILE = "my-favorite-moviez/Info.plist";
				LD_RUNPATH_SEARCH_PATHS = "$(inherited) @executable_path/Frameworks";
				PRODUCT_BUNDLE_IDENTIFIER = "com.aurora.my-favorite-moviez";
				PRODUCT_NAME = "$(TARGET_NAME)";
			};
			name = Debug;
		};
		A2B25B7B1CB8D6E300B413A6 /* Release */ = {
			isa = XCBuildConfiguration;
			buildSettings = {
				ASSETCATALOG_COMPILER_APPICON_NAME = AppIcon;
				INFOPLIST_FILE = "my-favorite-moviez/Info.plist";
				LD_RUNPATH_SEARCH_PATHS = "$(inherited) @executable_path/Frameworks";
				PRODUCT_BUNDLE_IDENTIFIER = "com.aurora.my-favorite-moviez";
				PRODUCT_NAME = "$(TARGET_NAME)";
			};
			name = Release;
		};
/* End XCBuildConfiguration section */

/* Begin XCConfigurationList section */
		A2B25B5F1CB8D6E300B413A6 /* Build configuration list for PBXProject "my-favorite-moviez" */ = {
			isa = XCConfigurationList;
			buildConfigurations = (
				A2B25B771CB8D6E300B413A6 /* Debug */,
				A2B25B781CB8D6E300B413A6 /* Release */,
			);
			defaultConfigurationIsVisible = 0;
			defaultConfigurationName = Release;
		};
		A2B25B791CB8D6E300B413A6 /* Build configuration list for PBXNativeTarget "my-favorite-moviez" */ = {
			isa = XCConfigurationList;
			buildConfigurations = (
				A2B25B7A1CB8D6E300B413A6 /* Debug */,
				A2B25B7B1CB8D6E300B413A6 /* Release */,
			);
			defaultConfigurationIsVisible = 0;
			defaultConfigurationName = Release;
		};
/* End XCConfigurationList section */

/* Begin XCVersionGroup section */
		A2B25B6E1CB8D6E300B413A6 /* my_favorite_moviez.xcdatamodeld */ = {
			isa = XCVersionGroup;
			children = (
				A2B25B6F1CB8D6E300B413A6 /* my_favorite_moviez.xcdatamodel */,
			);
			currentVersion = A2B25B6F1CB8D6E300B413A6 /* my_favorite_moviez.xcdatamodel */;
			path = my_favorite_moviez.xcdatamodeld;
			sourceTree = "<group>";
			versionGroupType = wrapper.xcdatamodel;
		};
/* End XCVersionGroup section */
	};
	rootObject = A2B25B5C1CB8D6E300B413A6 /* Project object */;
}
